
Microsoft Visual Studio Solution File, Format Version 12.00
# Visual Studio Version 17
VisualStudioVersion = 17.2.32519.379
MinimumVisualStudioVersion = 10.0.40219.1
Project("{2150E333-8FDC-42A3-9474-1A3956D46DE8}") = "app", "app", "{5B8812F0-1238-4111-9AB0-9774A4CBECA1}"
EndProject
Project("{2150E333-8FDC-42A3-9474-1A3956D46DE8}") = "client", "client", "{AFB0DE2A-6029-429A-BAAE-2A36555BA830}"
EndProject
Project("{2150E333-8FDC-42A3-9474-1A3956D46DE8}") = "database", "database", "{329DD974-ED24-4B3F-B56B-7095B02D5C8D}"
EndProject
Project("{2150E333-8FDC-42A3-9474-1A3956D46DE8}") = "docs", "docs", "{5DA58E1E-2D37-4A1F-91F9-A7EAA29FA362}"
EndProject
Project("{2150E333-8FDC-42A3-9474-1A3956D46DE8}") = "test", "test", "{697FD69D-C541-4243-83DA-1ADAD8081DE7}"
EndProject
Project("{9A19103F-16F7-4668-BE54-9A1E7A4F7556}") = "ProjektiTI2.App", "ProjektiTI2.App\ProjektiTI2.App.csproj", "{FCA2BCF6-671F-492A-8F1F-5073798A2C17}"
EndProject
Project("{9A19103F-16F7-4668-BE54-9A1E7A4F7556}") = "ProjektiTI2.Data", "ProjektiTI2.Data\ProjektiTI2.Data.csproj", "{CDD5CB10-10D6-423C-863B-C275962ACA86}"
EndProject
Project("{9A19103F-16F7-4668-BE54-9A1E7A4F7556}") = "ProjektiTI2.Models", "ProjektiTI2.Models\ProjektiTI2.Models.csproj", "{27BF99A5-9E41-4E30-A958-9D2E1B1B14DC}"
EndProject
Project("{9A19103F-16F7-4668-BE54-9A1E7A4F7556}") = "ProjektiTI2.Utilities", "ProjektiTI2.Utilities\ProjektiTI2.Utilities.csproj", "{E87081F1-3784-4C52-A085-6DBF4D83650A}"
EndProject
Project("{9A19103F-16F7-4668-BE54-9A1E7A4F7556}") = "Presentation", "Presentation\Presentation.csproj", "{8C70EF4B-8C5A-46E6-8DD3-F0E805F9F0DC}"
EndProject
Project("{00D1A9C2-B5F0-4AF3-8072-F6C62B433612}") = "Schema", "Schema\Schema.sqlproj", "{3FC19553-F8A3-4595-950B-F932C81B79A4}"
EndProject
Project("{2150E333-8FDC-42A3-9474-1A3956D46DE8}") = "Scaffolding", "Scaffolding", "{D2819F75-E161-4637-9F22-77DA65C5D4EC}"
	ProjectSection(SolutionItems) = preProject
		Scaffolding.txt = Scaffolding.txt
	EndProjectSection
EndProject
Project("{9A19103F-16F7-4668-BE54-9A1E7A4F7556}") = "TestProject1", "TestProject1\TestProject1.csproj", "{5A8DB09E-EA01-4E60-84DA-AD983BE3F4C7}"
EndProject
Global
	GlobalSection(SolutionConfigurationPlatforms) = preSolution
		Debug|Any CPU = Debug|Any CPU
		Release|Any CPU = Release|Any CPU
	EndGlobalSection
	GlobalSection(ProjectConfigurationPlatforms) = postSolution
		{FCA2BCF6-671F-492A-8F1F-5073798A2C17}.Debug|Any CPU.ActiveCfg = Debug|Any CPU
		{FCA2BCF6-671F-492A-8F1F-5073798A2C17}.Debug|Any CPU.Build.0 = Debug|Any CPU
		{FCA2BCF6-671F-492A-8F1F-5073798A2C17}.Release|Any CPU.ActiveCfg = Release|Any CPU
		{FCA2BCF6-671F-492A-8F1F-5073798A2C17}.Release|Any CPU.Build.0 = Release|Any CPU
		{CDD5CB10-10D6-423C-863B-C275962ACA86}.Debug|Any CPU.ActiveCfg = Debug|Any CPU
		{CDD5CB10-10D6-423C-863B-C275962ACA86}.Debug|Any CPU.Build.0 = Debug|Any CPU
		{CDD5CB10-10D6-423C-863B-C275962ACA86}.Release|Any CPU.ActiveCfg = Release|Any CPU
		{CDD5CB10-10D6-423C-863B-C275962ACA86}.Release|Any CPU.Build.0 = Release|Any CPU
		{27BF99A5-9E41-4E30-A958-9D2E1B1B14DC}.Debug|Any CPU.ActiveCfg = Debug|Any CPU
		{27BF99A5-9E41-4E30-A958-9D2E1B1B14DC}.Debug|Any CPU.Build.0 = Debug|Any CPU
		{27BF99A5-9E41-4E30-A958-9D2E1B1B14DC}.Release|Any CPU.ActiveCfg = Release|Any CPU
		{27BF99A5-9E41-4E30-A958-9D2E1B1B14DC}.Release|Any CPU.Build.0 = Release|Any CPU
		{E87081F1-3784-4C52-A085-6DBF4D83650A}.Debug|Any CPU.ActiveCfg = Debug|Any CPU
		{E87081F1-3784-4C52-A085-6DBF4D83650A}.Debug|Any CPU.Build.0 = Debug|Any CPU
		{E87081F1-3784-4C52-A085-6DBF4D83650A}.Release|Any CPU.ActiveCfg = Release|Any CPU
		{E87081F1-3784-4C52-A085-6DBF4D83650A}.Release|Any CPU.Build.0 = Release|Any CPU
		{8C70EF4B-8C5A-46E6-8DD3-F0E805F9F0DC}.Debug|Any CPU.ActiveCfg = Debug|Any CPU
		{8C70EF4B-8C5A-46E6-8DD3-F0E805F9F0DC}.Debug|Any CPU.Build.0 = Debug|Any CPU
		{8C70EF4B-8C5A-46E6-8DD3-F0E805F9F0DC}.Release|Any CPU.ActiveCfg = Release|Any CPU
		{8C70EF4B-8C5A-46E6-8DD3-F0E805F9F0DC}.Release|Any CPU.Build.0 = Release|Any CPU
		{3FC19553-F8A3-4595-950B-F932C81B79A4}.Debug|Any CPU.ActiveCfg = Debug|Any CPU
		{3FC19553-F8A3-4595-950B-F932C81B79A4}.Debug|Any CPU.Build.0 = Debug|Any CPU
		{3FC19553-F8A3-4595-950B-F932C81B79A4}.Debug|Any CPU.Deploy.0 = Debug|Any CPU
		{3FC19553-F8A3-4595-950B-F932C81B79A4}.Release|Any CPU.ActiveCfg = Release|Any CPU
		{3FC19553-F8A3-4595-950B-F932C81B79A4}.Release|Any CPU.Build.0 = Release|Any CPU
		{3FC19553-F8A3-4595-950B-F932C81B79A4}.Release|Any CPU.Deploy.0 = Release|Any CPU
		{5A8DB09E-EA01-4E60-84DA-AD983BE3F4C7}.Debug|Any CPU.ActiveCfg = Debug|Any CPU
		{5A8DB09E-EA01-4E60-84DA-AD983BE3F4C7}.Debug|Any CPU.Build.0 = Debug|Any CPU
		{5A8DB09E-EA01-4E60-84DA-AD983BE3F4C7}.Release|Any CPU.ActiveCfg = Release|Any CPU
		{5A8DB09E-EA01-4E60-84DA-AD983BE3F4C7}.Release|Any CPU.Build.0 = Release|Any CPU
	EndGlobalSection
	GlobalSection(SolutionProperties) = preSolution
		HideSolutionNode = FALSE
	EndGlobalSection
	GlobalSection(NestedProjects) = preSolution
		{FCA2BCF6-671F-492A-8F1F-5073798A2C17} = {5B8812F0-1238-4111-9AB0-9774A4CBECA1}
		{CDD5CB10-10D6-423C-863B-C275962ACA86} = {5B8812F0-1238-4111-9AB0-9774A4CBECA1}
		{27BF99A5-9E41-4E30-A958-9D2E1B1B14DC} = {5B8812F0-1238-4111-9AB0-9774A4CBECA1}
		{E87081F1-3784-4C52-A085-6DBF4D83650A} = {5B8812F0-1238-4111-9AB0-9774A4CBECA1}
		{8C70EF4B-8C5A-46E6-8DD3-F0E805F9F0DC} = {AFB0DE2A-6029-429A-BAAE-2A36555BA830}
		{3FC19553-F8A3-4595-950B-F932C81B79A4} = {329DD974-ED24-4B3F-B56B-7095B02D5C8D}
		{D2819F75-E161-4637-9F22-77DA65C5D4EC} = {5DA58E1E-2D37-4A1F-91F9-A7EAA29FA362}
		{5A8DB09E-EA01-4E60-84DA-AD983BE3F4C7} = {697FD69D-C541-4243-83DA-1ADAD8081DE7}
	EndGlobalSection
	GlobalSection(ExtensibilityGlobals) = postSolution
		SolutionGuid = {B9BDD2EC-E1E7-45EC-BEF0-89EAFD2CFC2E}
	EndGlobalSection
EndGlobal
